<?xml version="1.0" encoding="utf-8"?>
<Project ToolsVersion="4.0" xmlns="http://schemas.microsoft.com/developer/msbuild/2003">
  <ItemGroup>
    <Filter Include="리소스 파일">
      <UniqueIdentifier>{67DA6AB6-F800-4c08-8B7A-83BB121AAD01}</UniqueIdentifier>
      <Extensions>rc;ico;cur;bmp;dlg;rc2;rct;bin;rgs;gif;jpg;jpeg;jpe;resx;tiff;tif;png;wav;mfcribbon-ms</Extensions>
    </Filter>
    <Filter Include="Engine">
      <UniqueIdentifier>{87f7f3dd-9218-45e8-8136-1954c7d251f0}</UniqueIdentifier>
    </Filter>
    <Filter Include="Default">
      <UniqueIdentifier>{9656959e-9165-4437-a936-e0ec9c65b48d}</UniqueIdentifier>
    </Filter>
    <Filter Include="Engine\02. Core">
      <UniqueIdentifier>{6f2a4609-a8e6-4b1a-967a-0de6f6efbaf2}</UniqueIdentifier>
    </Filter>
    <Filter Include="Engine\01. Header">
      <UniqueIdentifier>{c172f1e4-76f3-47f2-80ce-1f61ae48e493}</UniqueIdentifier>
    </Filter>
    <Filter Include="Engine\03. Manager">
      <UniqueIdentifier>{afd2a246-7526-4c79-8315-59686522b4e3}</UniqueIdentifier>
    </Filter>
    <Filter Include="Engine\03. Manager\KeyMgr">
      <UniqueIdentifier>{5397424f-991c-4fcd-872b-25bdd30e8e78}</UniqueIdentifier>
    </Filter>
    <Filter Include="Engine\04. Object">
      <UniqueIdentifier>{d59c99e0-c94a-44fb-ad0c-6c06d13ff75f}</UniqueIdentifier>
    </Filter>
    <Filter Include="Engine\03. Manager\TimeMgr">
      <UniqueIdentifier>{860ed964-ebb0-44ad-a17c-316e92fd6e09}</UniqueIdentifier>
    </Filter>
    <Filter Include="Engine\05. Scene">
      <UniqueIdentifier>{89a7dd95-605b-46ce-b404-4fe72ffd4c66}</UniqueIdentifier>
    </Filter>
    <Filter Include="Engine\03. Manager\SceneMgr">
      <UniqueIdentifier>{940a5494-50bd-4a8e-99d0-a0c656e58112}</UniqueIdentifier>
    </Filter>
    <Filter Include="Engine\05. Scene\Scene_Start">
      <UniqueIdentifier>{cd7aa06c-a106-4d7d-8ca9-209d752cf701}</UniqueIdentifier>
    </Filter>
    <Filter Include="Engine\05. Scene\Scene_Tool">
      <UniqueIdentifier>{a2bbdbb7-64ff-4664-a7cd-10c675987d4e}</UniqueIdentifier>
    </Filter>
    <Filter Include="Engine\04. Object\Player">
      <UniqueIdentifier>{c57cb41b-3a4b-44e4-993b-840346f0ae52}</UniqueIdentifier>
    </Filter>
    <Filter Include="Engine\04. Object\Monster">
      <UniqueIdentifier>{0a830593-5d20-4931-b33f-71817f5b3847}</UniqueIdentifier>
    </Filter>
    <Filter Include="Engine\04. Object\Missile">
      <UniqueIdentifier>{530b0096-132d-4ee2-b129-57b77b38acd7}</UniqueIdentifier>
    </Filter>
    <Filter Include="Engine\06. Resource">
      <UniqueIdentifier>{9b9947df-5cd1-4a61-9298-dd7716cc9dd6}</UniqueIdentifier>
    </Filter>
    <Filter Include="Engine\06. Resource\Texture">
      <UniqueIdentifier>{465b21e1-2bb7-4b42-8696-62ac9b887ba7}</UniqueIdentifier>
    </Filter>
    <Filter Include="Engine\06. Resource\Sound">
      <UniqueIdentifier>{27a3b9a3-a491-4317-ad4b-8305c69f336f}</UniqueIdentifier>
    </Filter>
    <Filter Include="Engine\03. Manager\PathMgr">
      <UniqueIdentifier>{0f05108f-14e2-4cef-8753-e13b27eaee2c}</UniqueIdentifier>
    </Filter>
    <Filter Include="Engine\03. Manager\ResMgr">
      <UniqueIdentifier>{8dca6206-b121-4a3f-9284-bdf089bfefde}</UniqueIdentifier>
    </Filter>
    <Filter Include="Engine\07. Component">
      <UniqueIdentifier>{d692e0c9-52f9-4050-b3ae-7646003f2b55}</UniqueIdentifier>
    </Filter>
    <Filter Include="Engine\08. Module">
      <UniqueIdentifier>{2af107d0-14ca-4653-a517-3ff13bb1f206}</UniqueIdentifier>
    </Filter>
    <Filter Include="Engine\03. Manager\CollisionMgr">
      <UniqueIdentifier>{1cd9d24a-a24e-4b9f-a695-4c9f3241d8a9}</UniqueIdentifier>
    </Filter>
    <Filter Include="Engine\03. Manager\EventMgr">
      <UniqueIdentifier>{fccb6a65-edfa-49cc-a1be-da7c35ba18e9}</UniqueIdentifier>
    </Filter>
    <Filter Include="Engine\07. Component\Animator">
      <UniqueIdentifier>{7eac82f7-8fbb-4c5a-bdbb-d3597d0d5a05}</UniqueIdentifier>
    </Filter>
    <Filter Include="Engine\07. Component\Animator\Animation">
      <UniqueIdentifier>{5d936668-69a9-4246-97bb-0d56e323af03}</UniqueIdentifier>
    </Filter>
    <Filter Include="Engine\07. Component\Collider">
      <UniqueIdentifier>{4aa7862c-6392-4d70-84f6-51a704616d05}</UniqueIdentifier>
    </Filter>
    <Filter Include="Engine\03. Manager\Camera">
      <UniqueIdentifier>{7483820e-b5de-4c87-ac47-8ebd9bf51684}</UniqueIdentifier>
    </Filter>
    <Filter Include="Engine\04. Object\Tile">
      <UniqueIdentifier>{babc02fa-19fd-4716-856c-686b34936486}</UniqueIdentifier>
    </Filter>
    <Filter Include="Engine\04. Object\UI">
      <UniqueIdentifier>{f7577908-4df4-4579-a10e-078d6ac8b042}</UniqueIdentifier>
    </Filter>
    <Filter Include="Engine\03. Manager\UIMgr">
      <UniqueIdentifier>{3747c27d-b3ae-41d4-81ab-099c291f37d0}</UniqueIdentifier>
    </Filter>
    <Filter Include="Engine\04. Object\UI\PanelUI">
      <UniqueIdentifier>{fc4f5820-56fc-436e-9538-fbc0d49f2eeb}</UniqueIdentifier>
    </Filter>
    <Filter Include="Engine\04. Object\UI\BtnUI">
      <UniqueIdentifier>{571e8c81-7429-4d0a-915c-2084e17ffe54}</UniqueIdentifier>
    </Filter>
    <Filter Include="Engine\08. Module\AI">
      <UniqueIdentifier>{f39a0a45-6c6b-4c8a-9593-26f28c647f98}</UniqueIdentifier>
    </Filter>
    <Filter Include="Engine\08. Module\AI\State">
      <UniqueIdentifier>{9caa8db3-18ba-42e2-b26b-272b2e529dbd}</UniqueIdentifier>
    </Filter>
    <Filter Include="Engine\08. Module\AI\State\IDLE">
      <UniqueIdentifier>{c3413061-f4bb-4690-8484-f2a191a56486}</UniqueIdentifier>
    </Filter>
    <Filter Include="Engine\08. Module\AI\State\TRACE">
      <UniqueIdentifier>{eb212c0c-b635-443b-b713-6f3fc13af2aa}</UniqueIdentifier>
    </Filter>
    <Filter Include="Engine\08. Module\AI\State\ATTACK">
      <UniqueIdentifier>{8783d210-3888-4a56-b4c4-fc1d992977c3}</UniqueIdentifier>
    </Filter>
    <Filter Include="Engine\08. Module\AI\State\DEAD">
      <UniqueIdentifier>{2dcdd8b0-e5c1-4af1-9488-cf9656bbf9bd}</UniqueIdentifier>
    </Filter>
    <Filter Include="Engine\09. Factory">
      <UniqueIdentifier>{ae38df79-4f86-40d2-9480-303d3ea4e3ea}</UniqueIdentifier>
    </Filter>
    <Filter Include="Engine\09. Factory\MonFactory">
      <UniqueIdentifier>{81152f5f-5f44-4f7d-9314-0eb3776eeacd}</UniqueIdentifier>
    </Filter>
    <Filter Include="Engine\07. Component\RigidBody">
      <UniqueIdentifier>{eb6e2b57-5088-4b8c-a634-910d86816a20}</UniqueIdentifier>
    </Filter>
    <Filter Include="Engine\07. Component\Gravity">
      <UniqueIdentifier>{8837be9f-0602-4758-89e0-bd4b1d7c68b8}</UniqueIdentifier>
    </Filter>
    <Filter Include="Engine\04. Object\Ground">
      <UniqueIdentifier>{1f9df588-77ef-466a-9c69-a23f4fdbaa75}</UniqueIdentifier>
    </Filter>
    <Filter Include="Engine\03. Manager\SoundMgr">
      <UniqueIdentifier>{b9a3f4bb-3c1b-49f5-a4b2-6ef948e44ef9}</UniqueIdentifier>
    </Filter>
    <Filter Include="Engine\04. Object\Monster\DropItem">
      <UniqueIdentifier>{dbab57ff-9a8f-4fee-9acc-27c79e0bb4d6}</UniqueIdentifier>
    </Filter>
    <Filter Include="Engine\04. Object\Weapon">
      <UniqueIdentifier>{d9f1f723-3240-4f3e-9a0a-329e66809976}</UniqueIdentifier>
    </Filter>
    <Filter Include="Engine\04. Object\Weapon\Pistol">
      <UniqueIdentifier>{8abd6e44-a5ae-46a8-9cab-e9bc3fdf2cd8}</UniqueIdentifier>
    </Filter>
    <Filter Include="Engine\04. Object\UI\TextUI">
      <UniqueIdentifier>{6cdc0fa9-a9d6-4d36-84cf-9c41d15c4940}</UniqueIdentifier>
    </Filter>
    <Filter Include="Engine\03. Manager\FontMgr">
      <UniqueIdentifier>{fd0f17a6-70ed-4a46-bc47-1d4fb29bf34f}</UniqueIdentifier>
    </Filter>
    <Filter Include="Engine\05. Scene\Scene_Test">
      <UniqueIdentifier>{a9e2ddd9-a5d6-49cc-84cb-848bcfe34e29}</UniqueIdentifier>
    </Filter>
    <Filter Include="Engine\04. Object\Weapon\Knife">
      <UniqueIdentifier>{66989b37-3b88-4bc5-8721-593aa7e40e8a}</UniqueIdentifier>
    </Filter>
    <Filter Include="Engine\04. Object\Weapon\Slingshot">
      <UniqueIdentifier>{f500a74b-a121-414f-8e05-a57abead31c9}</UniqueIdentifier>
    </Filter>
    <Filter Include="Engine\04. Object\Missile\SlingShot_Missile">
      <UniqueIdentifier>{c5059d81-c365-407c-a2d0-6731a1e4e890}</UniqueIdentifier>
    </Filter>
    <Filter Include="Engine\04. Object\UI\SpriteUI">
      <UniqueIdentifier>{eddfd97b-f7a9-4c49-be53-087f84da7388}</UniqueIdentifier>
    </Filter>
    <Filter Include="Engine\03. Manager\Direct2DMgr">
      <UniqueIdentifier>{a69ebb5c-b8ec-456f-9b5c-6c6eb5c9d06c}</UniqueIdentifier>
    </Filter>
    <Filter Include="Engine\04. Object\Monster\NORMAL">
      <UniqueIdentifier>{fead886a-2087-4d59-ba69-bd619361a967}</UniqueIdentifier>
    </Filter>
    <Filter Include="Engine\04. Object\Monster\RANGE">
      <UniqueIdentifier>{6ab063d3-2070-480c-b118-d39e51066c78}</UniqueIdentifier>
    </Filter>
    <Filter Include="Engine\08. Module\AI\State\TRACE\Range">
      <UniqueIdentifier>{b7bf4a9e-05bb-4caf-825c-b03826d8fda7}</UniqueIdentifier>
    </Filter>
    <Filter Include="Engine\08. Module\AI\State\TRACE\Normal">
      <UniqueIdentifier>{0c990571-9e72-463c-bd25-0389c0412a43}</UniqueIdentifier>
    </Filter>
    <Filter Include="Engine\05. Scene\Scene_Main">
      <UniqueIdentifier>{423007de-820b-497f-838f-c80ce36342ff}</UniqueIdentifier>
    </Filter>
    <Filter Include="Engine\07. Component\Image">
      <UniqueIdentifier>{f56d297b-969b-43ca-a03f-51ca5e5b5836}</UniqueIdentifier>
    </Filter>
    <Filter Include="Engine\07. Component\Text">
      <UniqueIdentifier>{5b6f22c7-ee39-4e0a-abdd-635c9c2137d5}</UniqueIdentifier>
    </Filter>
    <Filter Include="Engine\03. Manager\FontMgr\CFontCollectionLoader">
      <UniqueIdentifier>{2da4c308-6687-4142-9e63-38a1ffc243c5}</UniqueIdentifier>
    </Filter>
    <Filter Include="Engine\03. Manager\FontMgr\CFontFileEnumerator">
      <UniqueIdentifier>{74577a5c-7956-4a5f-8ac4-20d850791835}</UniqueIdentifier>
    </Filter>
  </ItemGroup>
  <ItemGroup>
    <ClInclude Include="CCore.h">
      <Filter>Engine\02. Core</Filter>
    </ClInclude>
    <ClInclude Include="Client.h">
      <Filter>Default</Filter>
    </ClInclude>
    <ClInclude Include="framework.h">
      <Filter>Default</Filter>
    </ClInclude>
    <ClInclude Include="Resource.h">
      <Filter>Default</Filter>
    </ClInclude>
    <ClInclude Include="targetver.h">
      <Filter>Default</Filter>
    </ClInclude>
    <ClInclude Include="define.h">
      <Filter>Engine\01. Header</Filter>
    </ClInclude>
    <ClInclude Include="CkeyMgr.h">
      <Filter>Engine\03. Manager\KeyMgr</Filter>
    </ClInclude>
    <ClInclude Include="pch.h" />
    <ClInclude Include="CObject.h">
      <Filter>Engine\04. Object</Filter>
    </ClInclude>
    <ClInclude Include="struct.h">
      <Filter>Engine\01. Header</Filter>
    </ClInclude>
    <ClInclude Include="CTimeMgr.h">
      <Filter>Engine\03. Manager\TimeMgr</Filter>
    </ClInclude>
    <ClInclude Include="CScene.h">
      <Filter>Engine\05. Scene</Filter>
    </ClInclude>
    <ClInclude Include="CSceneMgr.h">
      <Filter>Engine\03. Manager\SceneMgr</Filter>
    </ClInclude>
    <ClInclude Include="CScene_Start.h">
      <Filter>Engine\05. Scene\Scene_Start</Filter>
    </ClInclude>
    <ClInclude Include="CPlayer.h">
      <Filter>Engine\04. Object\Player</Filter>
    </ClInclude>
    <ClInclude Include="CMissile.h">
      <Filter>Engine\04. Object\Missile</Filter>
    </ClInclude>
    <ClInclude Include="CMonster.h">
      <Filter>Engine\04. Object\Monster</Filter>
    </ClInclude>
    <ClInclude Include="CRes.h">
      <Filter>Engine\06. Resource</Filter>
    </ClInclude>
    <ClInclude Include="CTexture.h">
      <Filter>Engine\06. Resource\Texture</Filter>
    </ClInclude>
    <ClInclude Include="CSound.h">
      <Filter>Engine\06. Resource\Sound</Filter>
    </ClInclude>
    <ClInclude Include="CPathMgr.h">
      <Filter>Engine\03. Manager\PathMgr</Filter>
    </ClInclude>
    <ClInclude Include="CResMgr.h">
      <Filter>Engine\03. Manager\ResMgr</Filter>
    </ClInclude>
    <ClInclude Include="SelectGDI.h">
      <Filter>Engine\08. Module</Filter>
    </ClInclude>
    <ClInclude Include="CCollisionMgr.h">
      <Filter>Engine\03. Manager\CollisionMgr</Filter>
    </ClInclude>
    <ClInclude Include="CEventMgr.h">
      <Filter>Engine\03. Manager\EventMgr</Filter>
    </ClInclude>
    <ClInclude Include="func.h">
      <Filter>Engine\01. Header</Filter>
    </ClInclude>
    <ClInclude Include="CScene_Tool.h">
      <Filter>Engine\05. Scene\Scene_Tool</Filter>
    </ClInclude>
    <ClInclude Include="CAnimator.h">
      <Filter>Engine\07. Component\Animator</Filter>
    </ClInclude>
    <ClInclude Include="CCollider.h">
      <Filter>Engine\07. Component\Collider</Filter>
    </ClInclude>
    <ClInclude Include="CAnimation.h">
      <Filter>Engine\07. Component\Animator\Animation</Filter>
    </ClInclude>
    <ClInclude Include="CCamera.h">
      <Filter>Engine\03. Manager\Camera</Filter>
    </ClInclude>
    <ClInclude Include="CTile.h">
      <Filter>Engine\04. Object\Tile</Filter>
    </ClInclude>
    <ClInclude Include="global.h">
      <Filter>Engine\01. Header</Filter>
    </ClInclude>
    <ClInclude Include="CUI.h">
      <Filter>Engine\04. Object\UI</Filter>
    </ClInclude>
    <ClInclude Include="CUIMgr.h">
      <Filter>Engine\03. Manager\UIMgr</Filter>
    </ClInclude>
    <ClInclude Include="CPanelUI.h">
      <Filter>Engine\04. Object\UI\PanelUI</Filter>
    </ClInclude>
    <ClInclude Include="CBtnUI.h">
      <Filter>Engine\04. Object\UI\BtnUI</Filter>
    </ClInclude>
    <ClInclude Include="AI.h">
      <Filter>Engine\08. Module\AI</Filter>
    </ClInclude>
    <ClInclude Include="CState.h">
      <Filter>Engine\08. Module\AI\State</Filter>
    </ClInclude>
    <ClInclude Include="CIdleState.h">
      <Filter>Engine\08. Module\AI\State\IDLE</Filter>
    </ClInclude>
    <ClInclude Include="CMonFactory.h">
      <Filter>Engine\09. Factory\MonFactory</Filter>
    </ClInclude>
    <ClInclude Include="CRigidbody.h">
      <Filter>Engine\07. Component\RigidBody</Filter>
    </ClInclude>
    <ClInclude Include="CGravity.h">
      <Filter>Engine\07. Component\Gravity</Filter>
    </ClInclude>
    <ClInclude Include="CGround.h">
      <Filter>Engine\04. Object\Ground</Filter>
    </ClInclude>
    <ClInclude Include="CSoundMgr.h">
      <Filter>Engine\03. Manager\SoundMgr</Filter>
    </ClInclude>
    <ClInclude Include="CDropItem.h">
      <Filter>Engine\04. Object\Monster\DropItem</Filter>
    </ClInclude>
    <ClInclude Include="CWeapon.h">
      <Filter>Engine\04. Object\Weapon</Filter>
    </ClInclude>
    <ClInclude Include="CPistol.h">
      <Filter>Engine\04. Object\Weapon\Pistol</Filter>
    </ClInclude>
    <ClInclude Include="CFontMgr.h">
      <Filter>Engine\03. Manager\FontMgr</Filter>
    </ClInclude>
    <ClInclude Include="CFontMgr.h">
      <Filter>Engine\03. Manager\FontMgr</Filter>
    </ClInclude>
    <ClInclude Include="CScene_Test.h">
      <Filter>Engine\05. Scene\Scene_Test</Filter>
    </ClInclude>
    <ClInclude Include="CKnife.h">
      <Filter>Engine\04. Object\Weapon\Knife</Filter>
    </ClInclude>
    <ClInclude Include="CKnifeAI.h">
      <Filter>Engine\04. Object\Weapon\Knife</Filter>
    </ClInclude>
    <ClInclude Include="CSlingshot.h">
      <Filter>Engine\04. Object\Weapon\Slingshot</Filter>
    </ClInclude>
    <ClInclude Include="CSlingShot_Missile.h">
      <Filter>Engine\04. Object\Missile\SlingShot_Missile</Filter>
    </ClInclude>
    <ClInclude Include="CSpriteUI.h">
      <Filter>Engine\04. Object\UI\SpriteUI</Filter>
    </ClInclude>
    <ClInclude Include="Direct2DMgr.h">
      <Filter>Engine\03. Manager\Direct2DMgr</Filter>
    </ClInclude>
    <ClInclude Include="CNormal_Monster.h">
      <Filter>Engine\04. Object\Monster\NORMAL</Filter>
    </ClInclude>
    <ClInclude Include="CRange_Monster.h">
      <Filter>Engine\04. Object\Monster\RANGE</Filter>
    </ClInclude>
    <ClInclude Include="CRange_TraceState.h">
      <Filter>Engine\08. Module\AI\State\TRACE\Range</Filter>
    </ClInclude>
    <ClInclude Include="CTraceState.h">
      <Filter>Engine\08. Module\AI\State\TRACE\Normal</Filter>
    </ClInclude>
    <ClInclude Include="CRange_AttackState.h">
      <Filter>Engine\08. Module\AI\State\ATTACK</Filter>
    </ClInclude>
    <ClInclude Include="CScene_Main.h">
      <Filter>Engine\05. Scene\Scene_Main</Filter>
    </ClInclude>
    <ClInclude Include="CImage.h">
      <Filter>Engine\07. Component\Image</Filter>
    </ClInclude>
    <ClInclude Include="CTextUI.h">
      <Filter>Engine\07. Component\Text</Filter>
    </ClInclude>
    <ClInclude Include="CFontCollectionLoader.h">
      <Filter>Engine\03. Manager\FontMgr\CFontCollectionLoader</Filter>
    </ClInclude>
    <ClInclude Include="CFontFileEnumerator.h">
      <Filter>Engine\03. Manager\FontMgr\CFontFileEnumerator</Filter>
    </ClInclude>
  </ItemGroup>
  <ItemGroup>
    <ResourceCompile Include="Client.rc">
      <Filter>리소스 파일</Filter>
    </ResourceCompile>
  </ItemGroup>
  <ItemGroup>
    <Image Include="small.ico">
      <Filter>리소스 파일</Filter>
    </Image>
    <Image Include="Client.ico">
      <Filter>리소스 파일</Filter>
    </Image>
  </ItemGroup>
  <ItemGroup>
    <ClCompile Include="CCore.cpp">
      <Filter>Engine\02. Core</Filter>
    </ClCompile>
    <ClCompile Include="CkeyMgr.cpp">
      <Filter>Engine\03. Manager\KeyMgr</Filter>
    </ClCompile>
    <ClCompile Include="main.cpp" />
    <ClCompile Include="CObject.cpp">
      <Filter>Engine\04. Object</Filter>
    </ClCompile>
    <ClCompile Include="CTimeMgr.cpp">
      <Filter>Engine\03. Manager\TimeMgr</Filter>
    </ClCompile>
    <ClCompile Include="CScene.cpp">
      <Filter>Engine\05. Scene</Filter>
    </ClCompile>
    <ClCompile Include="CSceneMgr.cpp">
      <Filter>Engine\03. Manager\SceneMgr</Filter>
    </ClCompile>
    <ClCompile Include="CScene_Start.cpp">
      <Filter>Engine\05. Scene\Scene_Start</Filter>
    </ClCompile>
    <ClCompile Include="CPlayer.cpp">
      <Filter>Engine\04. Object\Player</Filter>
    </ClCompile>
    <ClCompile Include="CMissile.cpp">
      <Filter>Engine\04. Object\Missile</Filter>
    </ClCompile>
    <ClCompile Include="CMonster.cpp">
      <Filter>Engine\04. Object\Monster</Filter>
    </ClCompile>
    <ClCompile Include="CRes.cpp">
      <Filter>Engine\06. Resource</Filter>
    </ClCompile>
    <ClCompile Include="CTexture.cpp">
      <Filter>Engine\06. Resource\Texture</Filter>
    </ClCompile>
    <ClCompile Include="CSound.cpp">
      <Filter>Engine\06. Resource\Sound</Filter>
    </ClCompile>
    <ClCompile Include="CPathMgr.cpp">
      <Filter>Engine\03. Manager\PathMgr</Filter>
    </ClCompile>
    <ClCompile Include="CResMgr.cpp">
      <Filter>Engine\03. Manager\ResMgr</Filter>
    </ClCompile>
    <ClCompile Include="SelectGDI.cpp">
      <Filter>Engine\08. Module</Filter>
    </ClCompile>
    <ClCompile Include="CCollisionMgr.cpp">
      <Filter>Engine\03. Manager\CollisionMgr</Filter>
    </ClCompile>
    <ClCompile Include="CEventMgr.cpp">
      <Filter>Engine\03. Manager\EventMgr</Filter>
    </ClCompile>
    <ClCompile Include="func.cpp">
      <Filter>Engine\01. Header</Filter>
    </ClCompile>
    <ClCompile Include="CScene_Tool.cpp">
      <Filter>Engine\05. Scene\Scene_Tool</Filter>
    </ClCompile>
    <ClCompile Include="CAnimator.cpp">
      <Filter>Engine\07. Component\Animator</Filter>
    </ClCompile>
    <ClCompile Include="CCollider.cpp">
      <Filter>Engine\07. Component\Collider</Filter>
    </ClCompile>
    <ClCompile Include="CAnimation.cpp">
      <Filter>Engine\07. Component\Animator\Animation</Filter>
    </ClCompile>
    <ClCompile Include="CCamera.cpp">
      <Filter>Engine\03. Manager\Camera</Filter>
    </ClCompile>
    <ClCompile Include="CTile.cpp">
      <Filter>Engine\04. Object\Tile</Filter>
    </ClCompile>
    <ClCompile Include="CUI.cpp">
      <Filter>Engine\04. Object\UI</Filter>
    </ClCompile>
    <ClCompile Include="CUIMgr.cpp">
      <Filter>Engine\03. Manager\UIMgr</Filter>
    </ClCompile>
    <ClCompile Include="CPanelUI.cpp">
      <Filter>Engine\04. Object\UI\PanelUI</Filter>
    </ClCompile>
    <ClCompile Include="CBtnUI.cpp">
      <Filter>Engine\04. Object\UI\BtnUI</Filter>
    </ClCompile>
    <ClCompile Include="AI.cpp">
      <Filter>Engine\08. Module\AI</Filter>
    </ClCompile>
    <ClCompile Include="CState.cpp">
      <Filter>Engine\08. Module\AI\State</Filter>
    </ClCompile>
    <ClCompile Include="CIdleState.cpp">
      <Filter>Engine\08. Module\AI\State\IDLE</Filter>
    </ClCompile>
    <ClCompile Include="CMonFactory.cpp">
      <Filter>Engine\09. Factory\MonFactory</Filter>
    </ClCompile>
    <ClCompile Include="CRigidbody.cpp">
      <Filter>Engine\07. Component\RigidBody</Filter>
    </ClCompile>
    <ClCompile Include="CGravity.cpp">
      <Filter>Engine\07. Component\Gravity</Filter>
    </ClCompile>
    <ClCompile Include="CGround.cpp">
      <Filter>Engine\04. Object\Ground</Filter>
    </ClCompile>
    <ClCompile Include="CSoundMgr.cpp">
      <Filter>Engine\03. Manager\SoundMgr</Filter>
    </ClCompile>
    <ClCompile Include="CDropItem.cpp">
      <Filter>Engine\04. Object\Monster\DropItem</Filter>
    </ClCompile>
    <ClCompile Include="CWeapon.cpp">
      <Filter>Engine\04. Object\Weapon</Filter>
    </ClCompile>
    <ClCompile Include="CPistol.cpp">
      <Filter>Engine\04. Object\Weapon\Pistol</Filter>
    </ClCompile>
    <ClCompile Include="CFontMgr.cpp">
      <Filter>Engine\03. Manager\FontMgr</Filter>
    </ClCompile>
    <ClCompile Include="CFontMgr.cpp">
      <Filter>Engine\03. Manager\FontMgr</Filter>
    </ClCompile>
    <ClCompile Include="CScene_Test.cpp">
      <Filter>Engine\05. Scene\Scene_Test</Filter>
    </ClCompile>
    <ClCompile Include="CKnife.cpp">
      <Filter>Engine\04. Object\Weapon\Knife</Filter>
    </ClCompile>
    <ClCompile Include="CKnifeAI.cpp">
      <Filter>Engine\04. Object\Weapon\Knife</Filter>
    </ClCompile>
    <ClCompile Include="CSlingshot.cpp">
      <Filter>Engine\04. Object\Weapon\Slingshot</Filter>
    </ClCompile>
    <ClCompile Include="CSlingShot_Missile.cpp">
      <Filter>Engine\04. Object\Missile\SlingShot_Missile</Filter>
    </ClCompile>
    <ClCompile Include="CSpriteUI.cpp">
      <Filter>Engine\04. Object\UI\SpriteUI</Filter>
    </ClCompile>
    <ClCompile Include="Direct2DMgr.cpp">
      <Filter>Engine\03. Manager\Direct2DMgr</Filter>
    </ClCompile>
    <ClCompile Include="CNormal_Monster.cpp">
      <Filter>Engine\04. Object\Monster\NORMAL</Filter>
    </ClCompile>
    <ClCompile Include="CRange_Monster.cpp">
      <Filter>Engine\04. Object\Monster\RANGE</Filter>
    </ClCompile>
    <ClCompile Include="CRange_TraceState.cpp">
      <Filter>Engine\08. Module\AI\State\TRACE\Range</Filter>
    </ClCompile>
    <ClCompile Include="CTraceState.cpp">
      <Filter>Engine\08. Module\AI\State\TRACE\Normal</Filter>
    </ClCompile>
    <ClCompile Include="CRange_AttackState.cpp">
      <Filter>Engine\08. Module\AI\State\ATTACK</Filter>
    </ClCompile>
    <ClCompile Include="CScene_Main.cpp">
      <Filter>Engine\05. Scene\Scene_Main</Filter>
    </ClCompile>
    <ClCompile Include="CImage.cpp">
      <Filter>Engine\07. Component\Image</Filter>
    </ClCompile>
    <ClCompile Include="CTextUI.cpp">
      <Filter>Engine\07. Component\Text</Filter>
    </ClCompile>
    <ClCompile Include="CFontCollectionLoader.cpp">
      <Filter>Engine\03. Manager\FontMgr\CFontCollectionLoader</Filter>
    </ClCompile>
    <ClCompile Include="CFontFileEnumerator.cpp">
      <Filter>Engine\03. Manager\FontMgr\CFontFileEnumerator</Filter>
    </ClCompile>
  </ItemGroup>
</Project>